
Microsoft Visual Studio Solution File, Format Version 12.00
# Visual Studio Version 16
VisualStudioVersion = 16.0.29306.81
MinimumVisualStudioVersion = 10.0.40219.1
Project("{FAE04EC0-301F-11D3-BF4B-00C04F79EFBC}") = "DBWebApp", "DBWebApp\DBWebApp.csproj", "{83694D1E-D0A0-49AD-B676-E9D5767C9E33}"
EndProject
Global
	GlobalSection(SolutionConfigurationPlatforms) = preSolution
		Debug|Any CPU = Debug|Any CPU
		Release|Any CPU = Release|Any CPU
	EndGlobalSection
	GlobalSection(ProjectConfigurationPlatforms) = postSolution
		{83694D1E-D0A0-49AD-B676-E9D5767C9E33}.Debug|Any CPU.ActiveCfg = Debug|Any CPU
		{83694D1E-D0A0-49AD-B676-E9D5767C9E33}.Debug|Any CPU.Build.0 = Debug|Any CPU
		{83694D1E-D0A0-49AD-B676-E9D5767C9E33}.Release|Any CPU.ActiveCfg = Release|Any CPU
		{83694D1E-D0A0-49AD-B676-E9D5767C9E33}.Release|Any CPU.Build.0 = Release|Any CPU
	EndGlobalSection
	GlobalSection(SolutionProperties) = preSolution
		HideSolutionNode = FALSE
	EndGlobalSection
	GlobalSection(ExtensibilityGlobals) = postSolution
		SolutionGuid = {283C3E08-0F60-4516-8F48-0CA4F24FEB4E}
	EndGlobalSection
EndGlobal
