
Microsoft Visual Studio Solution File, Format Version 12.00
# Visual Studio Version 16
VisualStudioVersion = 16.0.29306.81
MinimumVisualStudioVersion = 10.0.40219.1
Project("{FAE04EC0-301F-11D3-BF4B-00C04F79EFBC}") = "DBClientApp", "DBClientApp\DBClientApp.csproj", "{62514700-8E1A-432C-9703-49B9AFFB4068}"
EndProject
Global
	GlobalSection(SolutionConfigurationPlatforms) = preSolution
		Debug|Any CPU = Debug|Any CPU
		Release|Any CPU = Release|Any CPU
	EndGlobalSection
	GlobalSection(ProjectConfigurationPlatforms) = postSolution
		{62514700-8E1A-432C-9703-49B9AFFB4068}.Debug|Any CPU.ActiveCfg = Debug|Any CPU
		{62514700-8E1A-432C-9703-49B9AFFB4068}.Debug|Any CPU.Build.0 = Debug|Any CPU
		{62514700-8E1A-432C-9703-49B9AFFB4068}.Release|Any CPU.ActiveCfg = Release|Any CPU
		{62514700-8E1A-432C-9703-49B9AFFB4068}.Release|Any CPU.Build.0 = Release|Any CPU
	EndGlobalSection
	GlobalSection(SolutionProperties) = preSolution
		HideSolutionNode = FALSE
	EndGlobalSection
	GlobalSection(ExtensibilityGlobals) = postSolution
		SolutionGuid = {2B77B865-C8DC-4AFD-846C-39366935CCE3}
	EndGlobalSection
EndGlobal
