
Microsoft Visual Studio Solution File, Format Version 12.00
# Visual Studio Version 16
VisualStudioVersion = 16.0.29306.81
MinimumVisualStudioVersion = 10.0.40219.1
Project("{FAE04EC0-301F-11D3-BF4B-00C04F79EFBC}") = "Shopping", "Shopping\Shopping.csproj", "{505D9F57-D245-49BF-89F3-06120E7326BC}"
EndProject
Project("{FAE04EC0-301F-11D3-BF4B-00C04F79EFBC}") = "ServerApp", "ServerApp\ServerApp.csproj", "{072F2D05-80C8-48F8-B44B-BB0FFE78BC56}"
EndProject
Project("{FAE04EC0-301F-11D3-BF4B-00C04F79EFBC}") = "ClientApp", "ClientApp\ClientApp.csproj", "{AD5AFE5B-FF38-4BF9-9C5F-D6649DF4FE0A}"
EndProject
Global
	GlobalSection(SolutionConfigurationPlatforms) = preSolution
		Debug|Any CPU = Debug|Any CPU
		Release|Any CPU = Release|Any CPU
	EndGlobalSection
	GlobalSection(ProjectConfigurationPlatforms) = postSolution
		{505D9F57-D245-49BF-89F3-06120E7326BC}.Debug|Any CPU.ActiveCfg = Debug|Any CPU
		{505D9F57-D245-49BF-89F3-06120E7326BC}.Debug|Any CPU.Build.0 = Debug|Any CPU
		{505D9F57-D245-49BF-89F3-06120E7326BC}.Release|Any CPU.ActiveCfg = Release|Any CPU
		{505D9F57-D245-49BF-89F3-06120E7326BC}.Release|Any CPU.Build.0 = Release|Any CPU
		{072F2D05-80C8-48F8-B44B-BB0FFE78BC56}.Debug|Any CPU.ActiveCfg = Debug|Any CPU
		{072F2D05-80C8-48F8-B44B-BB0FFE78BC56}.Debug|Any CPU.Build.0 = Debug|Any CPU
		{072F2D05-80C8-48F8-B44B-BB0FFE78BC56}.Release|Any CPU.ActiveCfg = Release|Any CPU
		{072F2D05-80C8-48F8-B44B-BB0FFE78BC56}.Release|Any CPU.Build.0 = Release|Any CPU
		{AD5AFE5B-FF38-4BF9-9C5F-D6649DF4FE0A}.Debug|Any CPU.ActiveCfg = Debug|Any CPU
		{AD5AFE5B-FF38-4BF9-9C5F-D6649DF4FE0A}.Debug|Any CPU.Build.0 = Debug|Any CPU
		{AD5AFE5B-FF38-4BF9-9C5F-D6649DF4FE0A}.Release|Any CPU.ActiveCfg = Release|Any CPU
		{AD5AFE5B-FF38-4BF9-9C5F-D6649DF4FE0A}.Release|Any CPU.Build.0 = Release|Any CPU
	EndGlobalSection
	GlobalSection(SolutionProperties) = preSolution
		HideSolutionNode = FALSE
	EndGlobalSection
	GlobalSection(ExtensibilityGlobals) = postSolution
		SolutionGuid = {64BF49BD-3D67-488A-AEA6-154C571B21CC}
	EndGlobalSection
EndGlobal
