
Microsoft Visual Studio Solution File, Format Version 12.00
# Visual Studio Version 16
VisualStudioVersion = 16.0.29306.81
MinimumVisualStudioVersion = 10.0.40219.1
Project("{FAE04EC0-301F-11D3-BF4B-00C04F79EFBC}") = "MvvmApp", "MvvmApp\MvvmApp.csproj", "{A7AD2A41-8E03-4D26-A616-6B6BCE2A4002}"
EndProject
Global
	GlobalSection(SolutionConfigurationPlatforms) = preSolution
		Debug|Any CPU = Debug|Any CPU
		Release|Any CPU = Release|Any CPU
	EndGlobalSection
	GlobalSection(ProjectConfigurationPlatforms) = postSolution
		{A7AD2A41-8E03-4D26-A616-6B6BCE2A4002}.Debug|Any CPU.ActiveCfg = Debug|Any CPU
		{A7AD2A41-8E03-4D26-A616-6B6BCE2A4002}.Debug|Any CPU.Build.0 = Debug|Any CPU
		{A7AD2A41-8E03-4D26-A616-6B6BCE2A4002}.Release|Any CPU.ActiveCfg = Release|Any CPU
		{A7AD2A41-8E03-4D26-A616-6B6BCE2A4002}.Release|Any CPU.Build.0 = Release|Any CPU
	EndGlobalSection
	GlobalSection(SolutionProperties) = preSolution
		HideSolutionNode = FALSE
	EndGlobalSection
	GlobalSection(ExtensibilityGlobals) = postSolution
		SolutionGuid = {A8821625-F104-4A44-954F-977C9C7AB303}
	EndGlobalSection
EndGlobal
